// !$*UTF8*$!
{
	archiveVersion = 1;
	classes = {
	};
	objectVersion = 52;
	objects = {

/* Begin PBXBuildFile section */
		857AA1DA254307CA00994EC6 /* Do_You_Remember_App.swift in Sources */ = {isa = PBXBuildFile; fileRef = 857AA1D9254307CA00994EC6 /* Do_You_Remember_App.swift */; };
		857AA1DC254307CA00994EC6 /* ContentView.swift in Sources */ = {isa = PBXBuildFile; fileRef = 857AA1DB254307CA00994EC6 /* ContentView.swift */; };
		857AA1DE254307CE00994EC6 /* Assets.xcassets in Resources */ = {isa = PBXBuildFile; fileRef = 857AA1DD254307CE00994EC6 /* Assets.xcassets */; };
		857AA1E1254307CE00994EC6 /* Preview Assets.xcassets in Resources */ = {isa = PBXBuildFile; fileRef = 857AA1E0254307CE00994EC6 /* Preview Assets.xcassets */; };
		857AA1EA2543486E00994EC6 /* HomeView.swift in Sources */ = {isa = PBXBuildFile; fileRef = 857AA1E92543486E00994EC6 /* HomeView.swift */; };
		859B8C642553F9870045DE89 /* SharedConstants.swift in Sources */ = {isa = PBXBuildFile; fileRef = 859B8C632553F9870045DE89 /* SharedConstants.swift */; };
		859B8C6E255704620045DE89 /* CalendarView.swift in Sources */ = {isa = PBXBuildFile; fileRef = 859B8C6D255704620045DE89 /* CalendarView.swift */; };
		85BCAA192559447D0099B6A2 /* Achievement.swift in Sources */ = {isa = PBXBuildFile; fileRef = 85BCAA182559447D0099B6A2 /* Achievement.swift */; };
		85BCAA2225596B350099B6A2 /* AchievementViewModel.swift in Sources */ = {isa = PBXBuildFile; fileRef = 85BCAA2125596B350099B6A2 /* AchievementViewModel.swift */; };
		85BCAA27255ADDD20099B6A2 /* ElegantCalendar in Frameworks */ = {isa = PBXBuildFile; productRef = 85BCAA26255ADDD20099B6A2 /* ElegantCalendar */; };
		85BCAA2A255AE1230099B6A2 /* ElegantCalendar.xcassets in Resources */ = {isa = PBXBuildFile; fileRef = 85BCAA29255AE1230099B6A2 /* ElegantCalendar.xcassets */; };
		85C483042546C51B00E14487 /* AchievementsView.swift in Sources */ = {isa = PBXBuildFile; fileRef = 85C483032546C51B00E14487 /* AchievementsView.swift */; };
		85C4830825473EB100E14487 /* AchievementDetailView.swift in Sources */ = {isa = PBXBuildFile; fileRef = 85C4830725473EB100E14487 /* AchievementDetailView.swift */; };
		85F302C1254839DF001B23AF /* LabeledProgressView.swift in Sources */ = {isa = PBXBuildFile; fileRef = 85F302C0254839DF001B23AF /* LabeledProgressView.swift */; };
		85FE178D254AC3EC00C93FDE /* Achievement+CoreDataClass.swift in Sources */ = {isa = PBXBuildFile; fileRef = 85FE178B254AC3EC00C93FDE /* Achievement+CoreDataClass.swift */; };
		85FE178E254AC3EC00C93FDE /* Achievement+CoreDataProperties.swift in Sources */ = {isa = PBXBuildFile; fileRef = 85FE178C254AC3EC00C93FDE /* Achievement+CoreDataProperties.swift */; };
		85FE1792254ACA8300C93FDE /* PersistentManager.swift in Sources */ = {isa = PBXBuildFile; fileRef = 85FE1791254ACA8300C93FDE /* PersistentManager.swift */; };
		85FE17B7254CD48400C93FDE /* User.swift in Sources */ = {isa = PBXBuildFile; fileRef = 85FE17B6254CD48400C93FDE /* User.swift */; };
		85FE17BA254CD80F00C93FDE /* SettingsView.swift in Sources */ = {isa = PBXBuildFile; fileRef = 85FE17B9254CD80F00C93FDE /* SettingsView.swift */; };
		85FE17CB254DD98D00C93FDE /* initialAchievements.json in Resources */ = {isa = PBXBuildFile; fileRef = 85FE17CA254DD98A00C93FDE /* initialAchievements.json */; };
		85FE17CE254DDE7C00C93FDE /* Bundle-Decodable.swift in Sources */ = {isa = PBXBuildFile; fileRef = 85FE17CD254DDE7C00C93FDE /* Bundle-Decodable.swift */; };
		85FE17D1254DE29700C93FDE /* AchievementJSONWrapper.swift in Sources */ = {isa = PBXBuildFile; fileRef = 85FE17D0254DE29700C93FDE /* AchievementJSONWrapper.swift */; };
		85FE17D7254DE9C600C93FDE /* Model.xcdatamodeld in Sources */ = {isa = PBXBuildFile; fileRef = 85FE17D5254DE9C600C93FDE /* Model.xcdatamodeld */; };
		85FE184025500DAA00C93FDE /* StatisticsView.swift in Sources */ = {isa = PBXBuildFile; fileRef = 85FE183F25500DA900C93FDE /* StatisticsView.swift */; };
/* End PBXBuildFile section */

/* Begin PBXFileReference section */
		857AA1D6254307CA00994EC6 /* Do You Remember?.app */ = {isa = PBXFileReference; explicitFileType = wrapper.application; includeInIndex = 0; path = "Do You Remember?.app"; sourceTree = BUILT_PRODUCTS_DIR; };
		857AA1D9254307CA00994EC6 /* Do_You_Remember_App.swift */ = {isa = PBXFileReference; lastKnownFileType = sourcecode.swift; path = Do_You_Remember_App.swift; sourceTree = "<group>"; };
		857AA1DB254307CA00994EC6 /* ContentView.swift */ = {isa = PBXFileReference; lastKnownFileType = sourcecode.swift; path = ContentView.swift; sourceTree = "<group>"; };
		857AA1DD254307CE00994EC6 /* Assets.xcassets */ = {isa = PBXFileReference; lastKnownFileType = folder.assetcatalog; path = Assets.xcassets; sourceTree = "<group>"; };
		857AA1E0254307CE00994EC6 /* Preview Assets.xcassets */ = {isa = PBXFileReference; lastKnownFileType = folder.assetcatalog; path = "Preview Assets.xcassets"; sourceTree = "<group>"; };
		857AA1E2254307CE00994EC6 /* Info.plist */ = {isa = PBXFileReference; lastKnownFileType = text.plist.xml; path = Info.plist; sourceTree = "<group>"; };
		857AA1E92543486E00994EC6 /* HomeView.swift */ = {isa = PBXFileReference; lastKnownFileType = sourcecode.swift; path = HomeView.swift; sourceTree = "<group>"; };
		859B8C632553F9870045DE89 /* SharedConstants.swift */ = {isa = PBXFileReference; lastKnownFileType = sourcecode.swift; path = SharedConstants.swift; sourceTree = "<group>"; };
		859B8C6D255704620045DE89 /* CalendarView.swift */ = {isa = PBXFileReference; lastKnownFileType = sourcecode.swift; path = CalendarView.swift; sourceTree = "<group>"; };
		85BCAA182559447D0099B6A2 /* Achievement.swift */ = {isa = PBXFileReference; lastKnownFileType = sourcecode.swift; path = Achievement.swift; sourceTree = "<group>"; };
		85BCAA2125596B350099B6A2 /* AchievementViewModel.swift */ = {isa = PBXFileReference; lastKnownFileType = sourcecode.swift; path = AchievementViewModel.swift; sourceTree = "<group>"; };
		85BCAA29255AE1230099B6A2 /* ElegantCalendar.xcassets */ = {isa = PBXFileReference; lastKnownFileType = folder.assetcatalog; name = ElegantCalendar.xcassets; path = "../../../../Library/Developer/Xcode/DerivedData/Do_You_Remember?-czccsoacgiizeeerurdtjtonslul/SourcePackages/checkouts/ElegantCalendar/ElegantCalendar.xcassets"; sourceTree = "<group>"; };
		85C483032546C51B00E14487 /* AchievementsView.swift */ = {isa = PBXFileReference; lastKnownFileType = sourcecode.swift; path = AchievementsView.swift; sourceTree = "<group>"; };
		85C4830725473EB100E14487 /* AchievementDetailView.swift */ = {isa = PBXFileReference; lastKnownFileType = sourcecode.swift; path = AchievementDetailView.swift; sourceTree = "<group>"; };
		85F302C0254839DF001B23AF /* LabeledProgressView.swift */ = {isa = PBXFileReference; lastKnownFileType = sourcecode.swift; path = LabeledProgressView.swift; sourceTree = "<group>"; };
		85FE178B254AC3EC00C93FDE /* Achievement+CoreDataClass.swift */ = {isa = PBXFileReference; lastKnownFileType = sourcecode.swift; path = "Achievement+CoreDataClass.swift"; sourceTree = "<group>"; };
		85FE178C254AC3EC00C93FDE /* Achievement+CoreDataProperties.swift */ = {isa = PBXFileReference; lastKnownFileType = sourcecode.swift; path = "Achievement+CoreDataProperties.swift"; sourceTree = "<group>"; };
		85FE1791254ACA8300C93FDE /* PersistentManager.swift */ = {isa = PBXFileReference; lastKnownFileType = sourcecode.swift; path = PersistentManager.swift; sourceTree = "<group>"; };
		85FE17B6254CD48400C93FDE /* User.swift */ = {isa = PBXFileReference; lastKnownFileType = sourcecode.swift; path = User.swift; sourceTree = "<group>"; };
		85FE17B9254CD80F00C93FDE /* SettingsView.swift */ = {isa = PBXFileReference; lastKnownFileType = sourcecode.swift; path = SettingsView.swift; sourceTree = "<group>"; };
		85FE17CA254DD98A00C93FDE /* initialAchievements.json */ = {isa = PBXFileReference; fileEncoding = 4; lastKnownFileType = text.json; path = initialAchievements.json; sourceTree = "<group>"; };
		85FE17CD254DDE7C00C93FDE /* Bundle-Decodable.swift */ = {isa = PBXFileReference; lastKnownFileType = sourcecode.swift; path = "Bundle-Decodable.swift"; sourceTree = "<group>"; };
		85FE17D0254DE29700C93FDE /* AchievementJSONWrapper.swift */ = {isa = PBXFileReference; lastKnownFileType = sourcecode.swift; path = AchievementJSONWrapper.swift; sourceTree = "<group>"; };
		85FE17D6254DE9C600C93FDE /* Model.xcdatamodel */ = {isa = PBXFileReference; lastKnownFileType = wrapper.xcdatamodel; path = Model.xcdatamodel; sourceTree = "<group>"; };
		85FE183F25500DA900C93FDE /* StatisticsView.swift */ = {isa = PBXFileReference; lastKnownFileType = sourcecode.swift; path = StatisticsView.swift; sourceTree = "<group>"; };
/* End PBXFileReference section */

/* Begin PBXFrameworksBuildPhase section */
		857AA1D3254307CA00994EC6 /* Frameworks */ = {
			isa = PBXFrameworksBuildPhase;
			buildActionMask = 2147483647;
			files = (
				85BCAA27255ADDD20099B6A2 /* ElegantCalendar in Frameworks */,
			);
			runOnlyForDeploymentPostprocessing = 0;
		};
/* End PBXFrameworksBuildPhase section */

/* Begin PBXGroup section */
		857AA1CD254307CA00994EC6 = {
			isa = PBXGroup;
			children = (
				85BCAA29255AE1230099B6A2 /* ElegantCalendar.xcassets */,
				857AA1D8254307CA00994EC6 /* Do You Remember? */,
				857AA1D7254307CA00994EC6 /* Products */,
			);
			sourceTree = "<group>";
		};
		857AA1D7254307CA00994EC6 /* Products */ = {
			isa = PBXGroup;
			children = (
				857AA1D6254307CA00994EC6 /* Do You Remember?.app */,
			);
			name = Products;
			sourceTree = "<group>";
		};
		857AA1D8254307CA00994EC6 /* Do You Remember? */ = {
			isa = PBXGroup;
			children = (
				85BCAA17255944510099B6A2 /* Persistence */,
				85BCAA14255944390099B6A2 /* Util */,
				85BCAA0C2559419D0099B6A2 /* Model */,
				85BCAA0B255941920099B6A2 /* View */,
				857AA1D9254307CA00994EC6 /* Do_You_Remember_App.swift */,
				857AA1DD254307CE00994EC6 /* Assets.xcassets */,
				857AA1E2254307CE00994EC6 /* Info.plist */,
				85FE17CA254DD98A00C93FDE /* initialAchievements.json */,
				857AA1DF254307CE00994EC6 /* Preview Content */,
			);
			path = "Do You Remember?";
			sourceTree = "<group>";
		};
		857AA1DF254307CE00994EC6 /* Preview Content */ = {
			isa = PBXGroup;
			children = (
				857AA1E0254307CE00994EC6 /* Preview Assets.xcassets */,
			);
			path = "Preview Content";
			sourceTree = "<group>";
		};
		85BCAA0B255941920099B6A2 /* View */ = {
			isa = PBXGroup;
			children = (
				857AA1DB254307CA00994EC6 /* ContentView.swift */,
				857AA1E92543486E00994EC6 /* HomeView.swift */,
				85C483032546C51B00E14487 /* AchievementsView.swift */,
				85C4830725473EB100E14487 /* AchievementDetailView.swift */,
				859B8C6D255704620045DE89 /* CalendarView.swift */,
				85FE183F25500DA900C93FDE /* StatisticsView.swift */,
				85FE17B9254CD80F00C93FDE /* SettingsView.swift */,
				85F302C0254839DF001B23AF /* LabeledProgressView.swift */,
			);
			path = View;
			sourceTree = "<group>";
		};
		85BCAA0C2559419D0099B6A2 /* Model */ = {
			isa = PBXGroup;
			children = (
				85FE17B6254CD48400C93FDE /* User.swift */,
				85BCAA182559447D0099B6A2 /* Achievement.swift */,
				85BCAA2125596B350099B6A2 /* AchievementViewModel.swift */,
			);
			path = Model;
			sourceTree = "<group>";
		};
		85BCAA14255944390099B6A2 /* Util */ = {
			isa = PBXGroup;
			children = (
				85FE17D0254DE29700C93FDE /* AchievementJSONWrapper.swift */,
				85FE17CD254DDE7C00C93FDE /* Bundle-Decodable.swift */,
				859B8C632553F9870045DE89 /* SharedConstants.swift */,
			);
			path = Util;
			sourceTree = "<group>";
		};
		85BCAA17255944510099B6A2 /* Persistence */ = {
			isa = PBXGroup;
			children = (
				85FE17D5254DE9C600C93FDE /* Model.xcdatamodeld */,
				85FE1791254ACA8300C93FDE /* PersistentManager.swift */,
				85FE178B254AC3EC00C93FDE /* Achievement+CoreDataClass.swift */,
				85FE178C254AC3EC00C93FDE /* Achievement+CoreDataProperties.swift */,
			);
			path = Persistence;
			sourceTree = "<group>";
		};
/* End PBXGroup section */

/* Begin PBXNativeTarget section */
		857AA1D5254307CA00994EC6 /* Do You Remember? */ = {
			isa = PBXNativeTarget;
			buildConfigurationList = 857AA1E5254307CE00994EC6 /* Build configuration list for PBXNativeTarget "Do You Remember?" */;
			buildPhases = (
				857AA1D2254307CA00994EC6 /* Sources */,
				857AA1D3254307CA00994EC6 /* Frameworks */,
				857AA1D4254307CA00994EC6 /* Resources */,
			);
			buildRules = (
			);
			dependencies = (
			);
			name = "Do You Remember?";
			packageProductDependencies = (
				85BCAA26255ADDD20099B6A2 /* ElegantCalendar */,
			);
			productName = "Do You Remember?";
			productReference = 857AA1D6254307CA00994EC6 /* Do You Remember?.app */;
			productType = "com.apple.product-type.application";
		};
/* End PBXNativeTarget section */

/* Begin PBXProject section */
		857AA1CE254307CA00994EC6 /* Project object */ = {
			isa = PBXProject;
			attributes = {
				LastSwiftUpdateCheck = 1200;
				LastUpgradeCheck = 1200;
				TargetAttributes = {
					857AA1D5254307CA00994EC6 = {
						CreatedOnToolsVersion = 12.0.1;
					};
				};
			};
			buildConfigurationList = 857AA1D1254307CA00994EC6 /* Build configuration list for PBXProject "Do You Remember?" */;
			compatibilityVersion = "Xcode 9.3";
			developmentRegion = en;
			hasScannedForEncodings = 0;
			knownRegions = (
				en,
				Base,
			);
			mainGroup = 857AA1CD254307CA00994EC6;
			packageReferences = (
				85BCAA25255ADDD20099B6A2 /* XCRemoteSwiftPackageReference "ElegantCalendar" */,
			);
			productRefGroup = 857AA1D7254307CA00994EC6 /* Products */;
			projectDirPath = "";
			projectRoot = "";
			targets = (
				857AA1D5254307CA00994EC6 /* Do You Remember? */,
			);
		};
/* End PBXProject section */

/* Begin PBXResourcesBuildPhase section */
		857AA1D4254307CA00994EC6 /* Resources */ = {
			isa = PBXResourcesBuildPhase;
			buildActionMask = 2147483647;
			files = (
				85BCAA2A255AE1230099B6A2 /* ElegantCalendar.xcassets in Resources */,
				857AA1E1254307CE00994EC6 /* Preview Assets.xcassets in Resources */,
				857AA1DE254307CE00994EC6 /* Assets.xcassets in Resources */,
				85FE17CB254DD98D00C93FDE /* initialAchievements.json in Resources */,
			);
			runOnlyForDeploymentPostprocessing = 0;
		};
/* End PBXResourcesBuildPhase section */

/* Begin PBXSourcesBuildPhase section */
		857AA1D2254307CA00994EC6 /* Sources */ = {
			isa = PBXSourcesBuildPhase;
			buildActionMask = 2147483647;
			files = (
				85C483042546C51B00E14487 /* AchievementsView.swift in Sources */,
				85FE184025500DAA00C93FDE /* StatisticsView.swift in Sources */,
				85C4830825473EB100E14487 /* AchievementDetailView.swift in Sources */,
				859B8C6E255704620045DE89 /* CalendarView.swift in Sources */,
				857AA1EA2543486E00994EC6 /* HomeView.swift in Sources */,
				859B8C642553F9870045DE89 /* SharedConstants.swift in Sources */,
				85FE17D7254DE9C600C93FDE /* Model.xcdatamodeld in Sources */,
				85FE17CE254DDE7C00C93FDE /* Bundle-Decodable.swift in Sources */,
				85F302C1254839DF001B23AF /* LabeledProgressView.swift in Sources */,
				85BCAA2225596B350099B6A2 /* AchievementViewModel.swift in Sources */,
				85FE178E254AC3EC00C93FDE /* Achievement+CoreDataProperties.swift in Sources */,
				85FE1792254ACA8300C93FDE /* PersistentManager.swift in Sources */,
				857AA1DC254307CA00994EC6 /* ContentView.swift in Sources */,
				857AA1DA254307CA00994EC6 /* Do_You_Remember_App.swift in Sources */,
				85FE17BA254CD80F00C93FDE /* SettingsView.swift in Sources */,
				85FE17D1254DE29700C93FDE /* AchievementJSONWrapper.swift in Sources */,
				85FE178D254AC3EC00C93FDE /* Achievement+CoreDataClass.swift in Sources */,
				85FE17B7254CD48400C93FDE /* User.swift in Sources */,
				85BCAA192559447D0099B6A2 /* Achievement.swift in Sources */,
			);
			runOnlyForDeploymentPostprocessing = 0;
		};
/* End PBXSourcesBuildPhase section */

/* Begin XCBuildConfiguration section */
		857AA1E3254307CE00994EC6 /* Debug */ = {
			isa = XCBuildConfiguration;
			buildSettings = {
				ALWAYS_SEARCH_USER_PATHS = NO;
				CLANG_ANALYZER_NONNULL = YES;
				CLANG_ANALYZER_NUMBER_OBJECT_CONVERSION = YES_AGGRESSIVE;
				CLANG_CXX_LANGUAGE_STANDARD = "gnu++14";
				CLANG_CXX_LIBRARY = "libc++";
				CLANG_ENABLE_MODULES = YES;
				CLANG_ENABLE_OBJC_ARC = YES;
				CLANG_ENABLE_OBJC_WEAK = YES;
				CLANG_WARN_BLOCK_CAPTURE_AUTORELEASING = YES;
				CLANG_WARN_BOOL_CONVERSION = YES;
				CLANG_WARN_COMMA = YES;
				CLANG_WARN_CONSTANT_CONVERSION = YES;
				CLANG_WARN_DEPRECATED_OBJC_IMPLEMENTATIONS = YES;
				CLANG_WARN_DIRECT_OBJC_ISA_USAGE = YES_ERROR;
				CLANG_WARN_DOCUMENTATION_COMMENTS = YES;
				CLANG_WARN_EMPTY_BODY = YES;
				CLANG_WARN_ENUM_CONVERSION = YES;
				CLANG_WARN_INFINITE_RECURSION = YES;
				CLANG_WARN_INT_CONVERSION = YES;
				CLANG_WARN_NON_LITERAL_NULL_CONVERSION = YES;
				CLANG_WARN_OBJC_IMPLICIT_RETAIN_SELF = YES;
				CLANG_WARN_OBJC_LITERAL_CONVERSION = YES;
				CLANG_WARN_OBJC_ROOT_CLASS = YES_ERROR;
				CLANG_WARN_QUOTED_INCLUDE_IN_FRAMEWORK_HEADER = YES;
				CLANG_WARN_RANGE_LOOP_ANALYSIS = YES;
				CLANG_WARN_STRICT_PROTOTYPES = YES;
				CLANG_WARN_SUSPICIOUS_MOVE = YES;
				CLANG_WARN_UNGUARDED_AVAILABILITY = YES_AGGRESSIVE;
				CLANG_WARN_UNREACHABLE_CODE = YES;
				CLANG_WARN__DUPLICATE_METHOD_MATCH = YES;
				COPY_PHASE_STRIP = NO;
				DEBUG_INFORMATION_FORMAT = dwarf;
				ENABLE_STRICT_OBJC_MSGSEND = YES;
				ENABLE_TESTABILITY = YES;
				GCC_C_LANGUAGE_STANDARD = gnu11;
				GCC_DYNAMIC_NO_PIC = NO;
				GCC_NO_COMMON_BLOCKS = YES;
				GCC_OPTIMIZATION_LEVEL = 0;
				GCC_PREPROCESSOR_DEFINITIONS = (
					"DEBUG=1",
					"$(inherited)",
				);
				GCC_WARN_64_TO_32_BIT_CONVERSION = YES;
				GCC_WARN_ABOUT_RETURN_TYPE = YES_ERROR;
				GCC_WARN_UNDECLARED_SELECTOR = YES;
				GCC_WARN_UNINITIALIZED_AUTOS = YES_AGGRESSIVE;
				GCC_WARN_UNUSED_FUNCTION = YES;
				GCC_WARN_UNUSED_VARIABLE = YES;
				IPHONEOS_DEPLOYMENT_TARGET = 14.0;
				MTL_ENABLE_DEBUG_INFO = INCLUDE_SOURCE;
				MTL_FAST_MATH = YES;
				ONLY_ACTIVE_ARCH = YES;
				SDKROOT = iphoneos;
				SWIFT_ACTIVE_COMPILATION_CONDITIONS = DEBUG;
				SWIFT_OPTIMIZATION_LEVEL = "-Onone";
			};
			name = Debug;
		};
		857AA1E4254307CE00994EC6 /* Release */ = {
			isa = XCBuildConfiguration;
			buildSettings = {
				ALWAYS_SEARCH_USER_PATHS = NO;
				CLANG_ANALYZER_NONNULL = YES;
				CLANG_ANALYZER_NUMBER_OBJECT_CONVERSION = YES_AGGRESSIVE;
				CLANG_CXX_LANGUAGE_STANDARD = "gnu++14";
				CLANG_CXX_LIBRARY = "libc++";
				CLANG_ENABLE_MODULES = YES;
				CLANG_ENABLE_OBJC_ARC = YES;
				CLANG_ENABLE_OBJC_WEAK = YES;
				CLANG_WARN_BLOCK_CAPTURE_AUTORELEASING = YES;
				CLANG_WARN_BOOL_CONVERSION = YES;
				CLANG_WARN_COMMA = YES;
				CLANG_WARN_CONSTANT_CONVERSION = YES;
				CLANG_WARN_DEPRECATED_OBJC_IMPLEMENTATIONS = YES;
				CLANG_WARN_DIRECT_OBJC_ISA_USAGE = YES_ERROR;
				CLANG_WARN_DOCUMENTATION_COMMENTS = YES;
				CLANG_WARN_EMPTY_BODY = YES;
				CLANG_WARN_ENUM_CONVERSION = YES;
				CLANG_WARN_INFINITE_RECURSION = YES;
				CLANG_WARN_INT_CONVERSION = YES;
				CLANG_WARN_NON_LITERAL_NULL_CONVERSION = YES;
				CLANG_WARN_OBJC_IMPLICIT_RETAIN_SELF = YES;
				CLANG_WARN_OBJC_LITERAL_CONVERSION = YES;
				CLANG_WARN_OBJC_ROOT_CLASS = YES_ERROR;
				CLANG_WARN_QUOTED_INCLUDE_IN_FRAMEWORK_HEADER = YES;
				CLANG_WARN_RANGE_LOOP_ANALYSIS = YES;
				CLANG_WARN_STRICT_PROTOTYPES = YES;
				CLANG_WARN_SUSPICIOUS_MOVE = YES;
				CLANG_WARN_UNGUARDED_AVAILABILITY = YES_AGGRESSIVE;
				CLANG_WARN_UNREACHABLE_CODE = YES;
				CLANG_WARN__DUPLICATE_METHOD_MATCH = YES;
				COPY_PHASE_STRIP = NO;
				DEBUG_INFORMATION_FORMAT = "dwarf-with-dsym";
				ENABLE_NS_ASSERTIONS = NO;
				ENABLE_STRICT_OBJC_MSGSEND = YES;
				GCC_C_LANGUAGE_STANDARD = gnu11;
				GCC_NO_COMMON_BLOCKS = YES;
				GCC_WARN_64_TO_32_BIT_CONVERSION = YES;
				GCC_WARN_ABOUT_RETURN_TYPE = YES_ERROR;
				GCC_WARN_UNDECLARED_SELECTOR = YES;
				GCC_WARN_UNINITIALIZED_AUTOS = YES_AGGRESSIVE;
				GCC_WARN_UNUSED_FUNCTION = YES;
				GCC_WARN_UNUSED_VARIABLE = YES;
				IPHONEOS_DEPLOYMENT_TARGET = 14.0;
				MTL_ENABLE_DEBUG_INFO = NO;
				MTL_FAST_MATH = YES;
				SDKROOT = iphoneos;
				SWIFT_COMPILATION_MODE = wholemodule;
				SWIFT_OPTIMIZATION_LEVEL = "-O";
				VALIDATE_PRODUCT = YES;
			};
			name = Release;
		};
		857AA1E6254307CE00994EC6 /* Debug */ = {
			isa = XCBuildConfiguration;
			buildSettings = {
				ASSETCATALOG_COMPILER_APPICON_NAME = AppIcon;
				ASSETCATALOG_COMPILER_GLOBAL_ACCENT_COLOR_NAME = AccentColor;
				CODE_SIGN_STYLE = Automatic;
				DEVELOPMENT_ASSET_PATHS = "\"Do You Remember?/Preview Content\"";
				DEVELOPMENT_TEAM = 626CZ64AW8;
				ENABLE_PREVIEWS = YES;
				INFOPLIST_FILE = "Do You Remember?/Info.plist";
				IPHONEOS_DEPLOYMENT_TARGET = 14.0;
				LD_RUNPATH_SEARCH_PATHS = (
					"$(inherited)",
					"@executable_path/Frameworks",
				);
				PRODUCT_BUNDLE_IDENTIFIER = "me.koll.niklas.Do-You-Remember-";
				PRODUCT_NAME = "$(TARGET_NAME)";
				SWIFT_VERSION = 5.0;
				TARGETED_DEVICE_FAMILY = 1;
			};
			name = Debug;
		};
		857AA1E7254307CE00994EC6 /* Release */ = {
			isa = XCBuildConfiguration;
			buildSettings = {
				ASSETCATALOG_COMPILER_APPICON_NAME = AppIcon;
				ASSETCATALOG_COMPILER_GLOBAL_ACCENT_COLOR_NAME = AccentColor;
				CODE_SIGN_STYLE = Automatic;
				DEVELOPMENT_ASSET_PATHS = "\"Do You Remember?/Preview Content\"";
				DEVELOPMENT_TEAM = 626CZ64AW8;
				ENABLE_PREVIEWS = YES;
				INFOPLIST_FILE = "Do You Remember?/Info.plist";
				IPHONEOS_DEPLOYMENT_TARGET = 14.0;
				LD_RUNPATH_SEARCH_PATHS = (
					"$(inherited)",
					"@executable_path/Frameworks",
				);
				PRODUCT_BUNDLE_IDENTIFIER = "me.koll.niklas.Do-You-Remember-";
				PRODUCT_NAME = "$(TARGET_NAME)";
				SWIFT_VERSION = 5.0;
				TARGETED_DEVICE_FAMILY = 1;
			};
			name = Release;
		};
/* End XCBuildConfiguration section */

/* Begin XCConfigurationList section */
		857AA1D1254307CA00994EC6 /* Build configuration list for PBXProject "Do You Remember?" */ = {
			isa = XCConfigurationList;
			buildConfigurations = (
				857AA1E3254307CE00994EC6 /* Debug */,
				857AA1E4254307CE00994EC6 /* Release */,
			);
			defaultConfigurationIsVisible = 0;
			defaultConfigurationName = Release;
		};
		857AA1E5254307CE00994EC6 /* Build configuration list for PBXNativeTarget "Do You Remember?" */ = {
			isa = XCConfigurationList;
			buildConfigurations = (
				857AA1E6254307CE00994EC6 /* Debug */,
				857AA1E7254307CE00994EC6 /* Release */,
			);
			defaultConfigurationIsVisible = 0;
			defaultConfigurationName = Release;
		};
/* End XCConfigurationList section */

/* Begin XCRemoteSwiftPackageReference section */
		85BCAA25255ADDD20099B6A2 /* XCRemoteSwiftPackageReference "ElegantCalendar" */ = {
			isa = XCRemoteSwiftPackageReference;
			repositoryURL = "https://github.com/ThasianX/ElegantCalendar";
			requirement = {
				kind = upToNextMajorVersion;
				minimumVersion = 4.3.1;
			};
		};
/* End XCRemoteSwiftPackageReference section */

/* Begin XCSwiftPackageProductDependency section */
		85BCAA26255ADDD20099B6A2 /* ElegantCalendar */ = {
			isa = XCSwiftPackageProductDependency;
			package = 85BCAA25255ADDD20099B6A2 /* XCRemoteSwiftPackageReference "ElegantCalendar" */;
			productName = ElegantCalendar;
		};
/* End XCSwiftPackageProductDependency section */

/* Begin XCVersionGroup section */
		85FE17D5254DE9C600C93FDE /* Model.xcdatamodeld */ = {
			isa = XCVersionGroup;
			children = (
				85FE17D6254DE9C600C93FDE /* Model.xcdatamodel */,
			);
			currentVersion = 85FE17D6254DE9C600C93FDE /* Model.xcdatamodel */;
			path = Model.xcdatamodeld;
			sourceTree = "<group>";
			versionGroupType = wrapper.xcdatamodel;
		};
/* End XCVersionGroup section */
	};
	rootObject = 857AA1CE254307CA00994EC6 /* Project object */;
}
